
Microsoft Visual Studio Solution File, Format Version 12.00
# Visual Studio Version 16
VisualStudioVersion = 16.0.31205.134
MinimumVisualStudioVersion = 10.0.40219.1
Project("{FAE04EC0-301F-11D3-BF4B-00C04F79EFBC}") = "Library_MySql", "Library_MySql\Library_MySql.csproj", "{33624895-F1CE-4F37-8FEB-2A49DC6B8E43}"
EndProject
Global
	GlobalSection(SolutionConfigurationPlatforms) = preSolution
		Debug|Any CPU = Debug|Any CPU
		Release|Any CPU = Release|Any CPU
	EndGlobalSection
	GlobalSection(ProjectConfigurationPlatforms) = postSolution
		{33624895-F1CE-4F37-8FEB-2A49DC6B8E43}.Debug|Any CPU.ActiveCfg = Debug|Any CPU
		{33624895-F1CE-4F37-8FEB-2A49DC6B8E43}.Debug|Any CPU.Build.0 = Debug|Any CPU
		{33624895-F1CE-4F37-8FEB-2A49DC6B8E43}.Release|Any CPU.ActiveCfg = Release|Any CPU
		{33624895-F1CE-4F37-8FEB-2A49DC6B8E43}.Release|Any CPU.Build.0 = Release|Any CPU
	EndGlobalSection
	GlobalSection(SolutionProperties) = preSolution
		HideSolutionNode = FALSE
	EndGlobalSection
	GlobalSection(ExtensibilityGlobals) = postSolution
		SolutionGuid = {0A9F1607-6C01-4532-BF4E-102B6A3D5F89}
	EndGlobalSection
EndGlobal
