
Microsoft Visual Studio Solution File, Format Version 12.00
# Visual Studio 15
VisualStudioVersion = 15.0.28307.1500
MinimumVisualStudioVersion = 10.0.40219.1
Project("{FAE04EC0-301F-11D3-BF4B-00C04F79EFBC}") = "LectureTimeTable", "LectureTimeTable\LectureTimeTable.csproj", "{FD27DE27-AF20-4CFC-99F4-A7AE13971BDE}"
EndProject
Global
	GlobalSection(SolutionConfigurationPlatforms) = preSolution
		Debug|Any CPU = Debug|Any CPU
		Release|Any CPU = Release|Any CPU
	EndGlobalSection
	GlobalSection(ProjectConfigurationPlatforms) = postSolution
		{FD27DE27-AF20-4CFC-99F4-A7AE13971BDE}.Debug|Any CPU.ActiveCfg = Debug|Any CPU
		{FD27DE27-AF20-4CFC-99F4-A7AE13971BDE}.Debug|Any CPU.Build.0 = Debug|Any CPU
		{FD27DE27-AF20-4CFC-99F4-A7AE13971BDE}.Release|Any CPU.ActiveCfg = Release|Any CPU
		{FD27DE27-AF20-4CFC-99F4-A7AE13971BDE}.Release|Any CPU.Build.0 = Release|Any CPU
	EndGlobalSection
	GlobalSection(SolutionProperties) = preSolution
		HideSolutionNode = FALSE
	EndGlobalSection
	GlobalSection(ExtensibilityGlobals) = postSolution
		SolutionGuid = {C7D16E64-08EA-44F3-912A-9A25DD01944D}
	EndGlobalSection
EndGlobal
